
Microsoft Visual Studio Solution File, Format Version 12.00
# Visual Studio Version 17
VisualStudioVersion = 17.1.32319.34
MinimumVisualStudioVersion = 10.0.40219.1
Project("{FAE04EC0-301F-11D3-BF4B-00C04F79EFBC}") = "Laboratorio5", "Laboratorio5\Laboratorio5.csproj", "{033178F6-1506-4539-9A27-64A80EFFEE95}"
EndProject
Global
	GlobalSection(SolutionConfigurationPlatforms) = preSolution
		Debug|Any CPU = Debug|Any CPU
		Release|Any CPU = Release|Any CPU
	EndGlobalSection
	GlobalSection(ProjectConfigurationPlatforms) = postSolution
		{033178F6-1506-4539-9A27-64A80EFFEE95}.Debug|Any CPU.ActiveCfg = Debug|Any CPU
		{033178F6-1506-4539-9A27-64A80EFFEE95}.Debug|Any CPU.Build.0 = Debug|Any CPU
		{033178F6-1506-4539-9A27-64A80EFFEE95}.Release|Any CPU.ActiveCfg = Release|Any CPU
		{033178F6-1506-4539-9A27-64A80EFFEE95}.Release|Any CPU.Build.0 = Release|Any CPU
	EndGlobalSection
	GlobalSection(SolutionProperties) = preSolution
		HideSolutionNode = FALSE
	EndGlobalSection
	GlobalSection(ExtensibilityGlobals) = postSolution
		SolutionGuid = {95151A87-211E-4F9A-B53F-1C42651150AD}
	EndGlobalSection
EndGlobal
